// !$*UTF8*$!
{
	archiveVersion = 1;
	classes = {
	};
	objectVersion = 50;
	objects = {

/* Begin PBXBuildFile section */
		6B7ACFA8233E904E00245296 /* AppDelegate.swift in Sources */ = {isa = PBXBuildFile; fileRef = 6B7ACFA7233E904E00245296 /* AppDelegate.swift */; };
		6B7ACFAA233E904E00245296 /* ViewController.swift in Sources */ = {isa = PBXBuildFile; fileRef = 6B7ACFA9233E904E00245296 /* ViewController.swift */; };
		6B7ACFAD233E904E00245296 /* Main.storyboard in Resources */ = {isa = PBXBuildFile; fileRef = 6B7ACFAB233E904E00245296 /* Main.storyboard */; };
		6B7ACFAF233E904F00245296 /* Assets.xcassets in Resources */ = {isa = PBXBuildFile; fileRef = 6B7ACFAE233E904F00245296 /* Assets.xcassets */; };
		6B7ACFB2233E904F00245296 /* LaunchScreen.storyboard in Resources */ = {isa = PBXBuildFile; fileRef = 6B7ACFB0233E904F00245296 /* LaunchScreen.storyboard */; };
		6B7ACFBD233E904F00245296 /* WorldTrotterTests.swift in Sources */ = {isa = PBXBuildFile; fileRef = 6B7ACFBC233E904F00245296 /* WorldTrotterTests.swift */; };
		6B7ACFC8233E904F00245296 /* WorldTrotterUITests.swift in Sources */ = {isa = PBXBuildFile; fileRef = 6B7ACFC7233E904F00245296 /* WorldTrotterUITests.swift */; };
		9E8EB9FB2358C32D00FD1FC2 /* MapKit.framework in Frameworks */ = {isa = PBXBuildFile; fileRef = 9E8EB9FA2358C32D00FD1FC2 /* MapKit.framework */; };
/* End PBXBuildFile section */

/* Begin PBXContainerItemProxy section */
		6B7ACFB9233E904F00245296 /* PBXContainerItemProxy */ = {
			isa = PBXContainerItemProxy;
			containerPortal = 6B7ACF9C233E904E00245296 /* Project object */;
			proxyType = 1;
			remoteGlobalIDString = 6B7ACFA3233E904E00245296;
			remoteInfo = WorldTrotter;
		};
		6B7ACFC4233E904F00245296 /* PBXContainerItemProxy */ = {
			isa = PBXContainerItemProxy;
			containerPortal = 6B7ACF9C233E904E00245296 /* Project object */;
			proxyType = 1;
			remoteGlobalIDString = 6B7ACFA3233E904E00245296;
			remoteInfo = WorldTrotter;
		};
/* End PBXContainerItemProxy section */

/* Begin PBXFileReference section */
		6B7ACFA4233E904E00245296 /* WorldTrotter.app */ = {isa = PBXFileReference; explicitFileType = wrapper.application; includeInIndex = 0; path = WorldTrotter.app; sourceTree = BUILT_PRODUCTS_DIR; };
		6B7ACFA7233E904E00245296 /* AppDelegate.swift */ = {isa = PBXFileReference; lastKnownFileType = sourcecode.swift; path = AppDelegate.swift; sourceTree = "<group>"; };
		6B7ACFA9233E904E00245296 /* ViewController.swift */ = {isa = PBXFileReference; lastKnownFileType = sourcecode.swift; path = ViewController.swift; sourceTree = "<group>"; };
		6B7ACFAC233E904E00245296 /* Base */ = {isa = PBXFileReference; lastKnownFileType = file.storyboard; name = Base; path = Base.lproj/Main.storyboard; sourceTree = "<group>"; };
		6B7ACFAE233E904F00245296 /* Assets.xcassets */ = {isa = PBXFileReference; lastKnownFileType = folder.assetcatalog; path = Assets.xcassets; sourceTree = "<group>"; };
		6B7ACFB1233E904F00245296 /* Base */ = {isa = PBXFileReference; lastKnownFileType = file.storyboard; name = Base; path = Base.lproj/LaunchScreen.storyboard; sourceTree = "<group>"; };
		6B7ACFB3233E904F00245296 /* Info.plist */ = {isa = PBXFileReference; lastKnownFileType = text.plist.xml; path = Info.plist; sourceTree = "<group>"; };
		6B7ACFB8233E904F00245296 /* WorldTrotterTests.xctest */ = {isa = PBXFileReference; explicitFileType = wrapper.cfbundle; includeInIndex = 0; path = WorldTrotterTests.xctest; sourceTree = BUILT_PRODUCTS_DIR; };
		6B7ACFBC233E904F00245296 /* WorldTrotterTests.swift */ = {isa = PBXFileReference; lastKnownFileType = sourcecode.swift; path = WorldTrotterTests.swift; sourceTree = "<group>"; };
		6B7ACFBE233E904F00245296 /* Info.plist */ = {isa = PBXFileReference; lastKnownFileType = text.plist.xml; path = Info.plist; sourceTree = "<group>"; };
		6B7ACFC3233E904F00245296 /* WorldTrotterUITests.xctest */ = {isa = PBXFileReference; explicitFileType = wrapper.cfbundle; includeInIndex = 0; path = WorldTrotterUITests.xctest; sourceTree = BUILT_PRODUCTS_DIR; };
		6B7ACFC7233E904F00245296 /* WorldTrotterUITests.swift */ = {isa = PBXFileReference; lastKnownFileType = sourcecode.swift; path = WorldTrotterUITests.swift; sourceTree = "<group>"; };
		6B7ACFC9233E904F00245296 /* Info.plist */ = {isa = PBXFileReference; lastKnownFileType = text.plist.xml; path = Info.plist; sourceTree = "<group>"; };
		9E8EB9FA2358C32D00FD1FC2 /* MapKit.framework */ = {isa = PBXFileReference; lastKnownFileType = wrapper.framework; name = MapKit.framework; path = System/Library/Frameworks/MapKit.framework; sourceTree = SDKROOT; };
/* End PBXFileReference section */

/* Begin PBXFrameworksBuildPhase section */
		6B7ACFA1233E904E00245296 /* Frameworks */ = {
			isa = PBXFrameworksBuildPhase;
			buildActionMask = 2147483647;
			files = (
				9E8EB9FB2358C32D00FD1FC2 /* MapKit.framework in Frameworks */,
			);
			runOnlyForDeploymentPostprocessing = 0;
		};
		6B7ACFB5233E904F00245296 /* Frameworks */ = {
			isa = PBXFrameworksBuildPhase;
			buildActionMask = 2147483647;
			files = (
			);
			runOnlyForDeploymentPostprocessing = 0;
		};
		6B7ACFC0233E904F00245296 /* Frameworks */ = {
			isa = PBXFrameworksBuildPhase;
			buildActionMask = 2147483647;
			files = (
			);
			runOnlyForDeploymentPostprocessing = 0;
		};
/* End PBXFrameworksBuildPhase section */

/* Begin PBXGroup section */
		6B7ACF9B233E904E00245296 = {
			isa = PBXGroup;
			children = (
				6B7ACFA6233E904E00245296 /* WorldTrotter */,
				6B7ACFBB233E904F00245296 /* WorldTrotterTests */,
				6B7ACFC6233E904F00245296 /* WorldTrotterUITests */,
				6B7ACFA5233E904E00245296 /* Products */,
				9E8EB9F92358C32D00FD1FC2 /* Frameworks */,
			);
			sourceTree = "<group>";
		};
		6B7ACFA5233E904E00245296 /* Products */ = {
			isa = PBXGroup;
			children = (
				6B7ACFA4233E904E00245296 /* WorldTrotter.app */,
				6B7ACFB8233E904F00245296 /* WorldTrotterTests.xctest */,
				6B7ACFC3233E904F00245296 /* WorldTrotterUITests.xctest */,
			);
			name = Products;
			sourceTree = "<group>";
		};
		6B7ACFA6233E904E00245296 /* WorldTrotter */ = {
			isa = PBXGroup;
			children = (
				6B7ACFA7233E904E00245296 /* AppDelegate.swift */,
				6B7ACFA9233E904E00245296 /* ViewController.swift */,
				6B7ACFAB233E904E00245296 /* Main.storyboard */,
				6B7ACFAE233E904F00245296 /* Assets.xcassets */,
				6B7ACFB0233E904F00245296 /* LaunchScreen.storyboard */,
				6B7ACFB3233E904F00245296 /* Info.plist */,
			);
			path = WorldTrotter;
			sourceTree = "<group>";
		};
		6B7ACFBB233E904F00245296 /* WorldTrotterTests */ = {
			isa = PBXGroup;
			children = (
				6B7ACFBC233E904F00245296 /* WorldTrotterTests.swift */,
				6B7ACFBE233E904F00245296 /* Info.plist */,
			);
			path = WorldTrotterTests;
			sourceTree = "<group>";
		};
		6B7ACFC6233E904F00245296 /* WorldTrotterUITests */ = {
			isa = PBXGroup;
			children = (
				6B7ACFC7233E904F00245296 /* WorldTrotterUITests.swift */,
				6B7ACFC9233E904F00245296 /* Info.plist */,
			);
			path = WorldTrotterUITests;
			sourceTree = "<group>";
		};
		9E8EB9F92358C32D00FD1FC2 /* Frameworks */ = {
			isa = PBXGroup;
			children = (
				9E8EB9FA2358C32D00FD1FC2 /* MapKit.framework */,
			);
			name = Frameworks;
			sourceTree = "<group>";
		};
/* End PBXGroup section */

/* Begin PBXNativeTarget section */
		6B7ACFA3233E904E00245296 /* WorldTrotter */ = {
			isa = PBXNativeTarget;
			buildConfigurationList = 6B7ACFCC233E904F00245296 /* Build configuration list for PBXNativeTarget "WorldTrotter" */;
			buildPhases = (
				6B7ACFA0233E904E00245296 /* Sources */,
				6B7ACFA1233E904E00245296 /* Frameworks */,
				6B7ACFA2233E904E00245296 /* Resources */,
			);
			buildRules = (
			);
			dependencies = (
			);
			name = WorldTrotter;
			productName = WorldTrotter;
			productReference = 6B7ACFA4233E904E00245296 /* WorldTrotter.app */;
			productType = "com.apple.product-type.application";
		};
		6B7ACFB7233E904F00245296 /* WorldTrotterTests */ = {
			isa = PBXNativeTarget;
			buildConfigurationList = 6B7ACFCF233E904F00245296 /* Build configuration list for PBXNativeTarget "WorldTrotterTests" */;
			buildPhases = (
				6B7ACFB4233E904F00245296 /* Sources */,
				6B7ACFB5233E904F00245296 /* Frameworks */,
				6B7ACFB6233E904F00245296 /* Resources */,
			);
			buildRules = (
			);
			dependencies = (
				6B7ACFBA233E904F00245296 /* PBXTargetDependency */,
			);
			name = WorldTrotterTests;
			productName = WorldTrotterTests;
			productReference = 6B7ACFB8233E904F00245296 /* WorldTrotterTests.xctest */;
			productType = "com.apple.product-type.bundle.unit-test";
		};
		6B7ACFC2233E904F00245296 /* WorldTrotterUITests */ = {
			isa = PBXNativeTarget;
			buildConfigurationList = 6B7ACFD2233E904F00245296 /* Build configuration list for PBXNativeTarget "WorldTrotterUITests" */;
			buildPhases = (
				6B7ACFBF233E904F00245296 /* Sources */,
				6B7ACFC0233E904F00245296 /* Frameworks */,
				6B7ACFC1233E904F00245296 /* Resources */,
			);
			buildRules = (
			);
			dependencies = (
				6B7ACFC5233E904F00245296 /* PBXTargetDependency */,
			);
			name = WorldTrotterUITests;
			productName = WorldTrotterUITests;
			productReference = 6B7ACFC3233E904F00245296 /* WorldTrotterUITests.xctest */;
			productType = "com.apple.product-type.bundle.ui-testing";
		};
/* End PBXNativeTarget section */

/* Begin PBXProject section */
		6B7ACF9C233E904E00245296 /* Project object */ = {
			isa = PBXProject;
			attributes = {
				LastSwiftUpdateCheck = 0940;
				LastUpgradeCheck = 0940;
				ORGANIZATIONNAME = "ROHAT KARAKUYU";
				TargetAttributes = {
					6B7ACFA3233E904E00245296 = {
						CreatedOnToolsVersion = 9.4.1;
					};
					6B7ACFB7233E904F00245296 = {
						CreatedOnToolsVersion = 9.4.1;
						TestTargetID = 6B7ACFA3233E904E00245296;
					};
					6B7ACFC2233E904F00245296 = {
						CreatedOnToolsVersion = 9.4.1;
						TestTargetID = 6B7ACFA3233E904E00245296;
					};
				};
			};
			buildConfigurationList = 6B7ACF9F233E904E00245296 /* Build configuration list for PBXProject "WorldTrotter" */;
			compatibilityVersion = "Xcode 9.3";
			developmentRegion = en;
			hasScannedForEncodings = 0;
			knownRegions = (
				en,
				Base,
			);
			mainGroup = 6B7ACF9B233E904E00245296;
			productRefGroup = 6B7ACFA5233E904E00245296 /* Products */;
			projectDirPath = "";
			projectRoot = "";
			targets = (
				6B7ACFA3233E904E00245296 /* WorldTrotter */,
				6B7ACFB7233E904F00245296 /* WorldTrotterTests */,
				6B7ACFC2233E904F00245296 /* WorldTrotterUITests */,
			);
		};
/* End PBXProject section */

/* Begin PBXResourcesBuildPhase section */
		6B7ACFA2233E904E00245296 /* Resources */ = {
			isa = PBXResourcesBuildPhase;
			buildActionMask = 2147483647;
			files = (
				6B7ACFB2233E904F00245296 /* LaunchScreen.storyboard in Resources */,
				6B7ACFAF233E904F00245296 /* Assets.xcassets in Resources */,
				6B7ACFAD233E904E00245296 /* Main.storyboard in Resources */,
			);
			runOnlyForDeploymentPostprocessing = 0;
		};
		6B7ACFB6233E904F00245296 /* Resources */ = {
			isa = PBXResourcesBuildPhase;
			buildActionMask = 2147483647;
			files = (
			);
			runOnlyForDeploymentPostprocessing = 0;
		};
		6B7ACFC1233E904F00245296 /* Resources */ = {
			isa = PBXResourcesBuildPhase;
			buildActionMask = 2147483647;
			files = (
			);
			runOnlyForDeploymentPostprocessing = 0;
		};
/* End PBXResourcesBuildPhase section */

/* Begin PBXSourcesBuildPhase section */
		6B7ACFA0233E904E00245296 /* Sources */ = {
			isa = PBXSourcesBuildPhase;
			buildActionMask = 2147483647;
			files = (
				6B7ACFAA233E904E00245296 /* ViewController.swift in Sources */,
				6B7ACFA8233E904E00245296 /* AppDelegate.swift in Sources */,
			);
			runOnlyForDeploymentPostprocessing = 0;
		};
		6B7ACFB4233E904F00245296 /* Sources */ = {
			isa = PBXSourcesBuildPhase;
			buildActionMask = 2147483647;
			files = (
				6B7ACFBD233E904F00245296 /* WorldTrotterTests.swift in Sources */,
			);
			runOnlyForDeploymentPostprocessing = 0;
		};
		6B7ACFBF233E904F00245296 /* Sources */ = {
			isa = PBXSourcesBuildPhase;
			buildActionMask = 2147483647;
			files = (
				6B7ACFC8233E904F00245296 /* WorldTrotterUITests.swift in Sources */,
			);
			runOnlyForDeploymentPostprocessing = 0;
		};
/* End PBXSourcesBuildPhase section */

/* Begin PBXTargetDependency section */
		6B7ACFBA233E904F00245296 /* PBXTargetDependency */ = {
			isa = PBXTargetDependency;
			target = 6B7ACFA3233E904E00245296 /* WorldTrotter */;
			targetProxy = 6B7ACFB9233E904F00245296 /* PBXContainerItemProxy */;
		};
		6B7ACFC5233E904F00245296 /* PBXTargetDependency */ = {
			isa = PBXTargetDependency;
			target = 6B7ACFA3233E904E00245296 /* WorldTrotter */;
			targetProxy = 6B7ACFC4233E904F00245296 /* PBXContainerItemProxy */;
		};
/* End PBXTargetDependency section */

/* Begin PBXVariantGroup section */
		6B7ACFAB233E904E00245296 /* Main.storyboard */ = {
			isa = PBXVariantGroup;
			children = (
				6B7ACFAC233E904E00245296 /* Base */,
			);
			name = Main.storyboard;
			sourceTree = "<group>";
		};
		6B7ACFB0233E904F00245296 /* LaunchScreen.storyboard */ = {
			isa = PBXVariantGroup;
			children = (
				6B7ACFB1233E904F00245296 /* Base */,
			);
			name = LaunchScreen.storyboard;
			sourceTree = "<group>";
		};
/* End PBXVariantGroup section */

/* Begin XCBuildConfiguration section */
		6B7ACFCA233E904F00245296 /* Debug */ = {
			isa = XCBuildConfiguration;
			buildSettings = {
				ALWAYS_SEARCH_USER_PATHS = NO;
				CLANG_ANALYZER_NONNULL = YES;
				CLANG_ANALYZER_NUMBER_OBJECT_CONVERSION = YES_AGGRESSIVE;
				CLANG_CXX_LANGUAGE_STANDARD = "gnu++14";
				CLANG_CXX_LIBRARY = "libc++";
				CLANG_ENABLE_MODULES = YES;
				CLANG_ENABLE_OBJC_ARC = YES;
				CLANG_ENABLE_OBJC_WEAK = YES;
				CLANG_WARN_BLOCK_CAPTURE_AUTORELEASING = YES;
				CLANG_WARN_BOOL_CONVERSION = YES;
				CLANG_WARN_COMMA = YES;
				CLANG_WARN_CONSTANT_CONVERSION = YES;
				CLANG_WARN_DEPRECATED_OBJC_IMPLEMENTATIONS = YES;
				CLANG_WARN_DIRECT_OBJC_ISA_USAGE = YES_ERROR;
				CLANG_WARN_DOCUMENTATION_COMMENTS = YES;
				CLANG_WARN_EMPTY_BODY = YES;
				CLANG_WARN_ENUM_CONVERSION = YES;
				CLANG_WARN_INFINITE_RECURSION = YES;
				CLANG_WARN_INT_CONVERSION = YES;
				CLANG_WARN_NON_LITERAL_NULL_CONVERSION = YES;
				CLANG_WARN_OBJC_IMPLICIT_RETAIN_SELF = YES;
				CLANG_WARN_OBJC_LITERAL_CONVERSION = YES;
				CLANG_WARN_OBJC_ROOT_CLASS = YES_ERROR;
				CLANG_WARN_RANGE_LOOP_ANALYSIS = YES;
				CLANG_WARN_STRICT_PROTOTYPES = YES;
				CLANG_WARN_SUSPICIOUS_MOVE = YES;
				CLANG_WARN_UNGUARDED_AVAILABILITY = YES_AGGRESSIVE;
				CLANG_WARN_UNREACHABLE_CODE = YES;
				CLANG_WARN__DUPLICATE_METHOD_MATCH = YES;
				CODE_SIGN_IDENTITY = "iPhone Developer";
				COPY_PHASE_STRIP = NO;
				DEBUG_INFORMATION_FORMAT = dwarf;
				ENABLE_STRICT_OBJC_MSGSEND = YES;
				ENABLE_TESTABILITY = YES;
				GCC_C_LANGUAGE_STANDARD = gnu11;
				GCC_DYNAMIC_NO_PIC = NO;
				GCC_NO_COMMON_BLOCKS = YES;
				GCC_OPTIMIZATION_LEVEL = 0;
				GCC_PREPROCESSOR_DEFINITIONS = (
					"DEBUG=1",
					"$(inherited)",
				);
				GCC_WARN_64_TO_32_BIT_CONVERSION = YES;
				GCC_WARN_ABOUT_RETURN_TYPE = YES_ERROR;
				GCC_WARN_UNDECLARED_SELECTOR = YES;
				GCC_WARN_UNINITIALIZED_AUTOS = YES_AGGRESSIVE;
				GCC_WARN_UNUSED_FUNCTION = YES;
				GCC_WARN_UNUSED_VARIABLE = YES;
				IPHONEOS_DEPLOYMENT_TARGET = 11.4;
				MTL_ENABLE_DEBUG_INFO = YES;
				ONLY_ACTIVE_ARCH = YES;
				SDKROOT = iphoneos;
				SWIFT_ACTIVE_COMPILATION_CONDITIONS = DEBUG;
				SWIFT_OPTIMIZATION_LEVEL = "-Onone";
			};
			name = Debug;
		};
		6B7ACFCB233E904F00245296 /* Release */ = {
			isa = XCBuildConfiguration;
			buildSettings = {
				ALWAYS_SEARCH_USER_PATHS = NO;
				CLANG_ANALYZER_NONNULL = YES;
				CLANG_ANALYZER_NUMBER_OBJECT_CONVERSION = YES_AGGRESSIVE;
				CLANG_CXX_LANGUAGE_STANDARD = "gnu++14";
				CLANG_CXX_LIBRARY = "libc++";
				CLANG_ENABLE_MODULES = YES;
				CLANG_ENABLE_OBJC_ARC = YES;
				CLANG_ENABLE_OBJC_WEAK = YES;
				CLANG_WARN_BLOCK_CAPTURE_AUTORELEASING = YES;
				CLANG_WARN_BOOL_CONVERSION = YES;
				CLANG_WARN_COMMA = YES;
				CLANG_WARN_CONSTANT_CONVERSION = YES;
				CLANG_WARN_DEPRECATED_OBJC_IMPLEMENTATIONS = YES;
				CLANG_WARN_DIRECT_OBJC_ISA_USAGE = YES_ERROR;
				CLANG_WARN_DOCUMENTATION_COMMENTS = YES;
				CLANG_WARN_EMPTY_BODY = YES;
				CLANG_WARN_ENUM_CONVERSION = YES;
				CLANG_WARN_INFINITE_RECURSION = YES;
				CLANG_WARN_INT_CONVERSION = YES;
				CLANG_WARN_NON_LITERAL_NULL_CONVERSION = YES;
				CLANG_WARN_OBJC_IMPLICIT_RETAIN_SELF = YES;
				CLANG_WARN_OBJC_LITERAL_CONVERSION = YES;
				CLANG_WARN_OBJC_ROOT_CLASS = YES_ERROR;
				CLANG_WARN_RANGE_LOOP_ANALYSIS = YES;
				CLANG_WARN_STRICT_PROTOTYPES = YES;
				CLANG_WARN_SUSPICIOUS_MOVE = YES;
				CLANG_WARN_UNGUARDED_AVAILABILITY = YES_AGGRESSIVE;
				CLANG_WARN_UNREACHABLE_CODE = YES;
				CLANG_WARN__DUPLICATE_METHOD_MATCH = YES;
				CODE_SIGN_IDENTITY = "iPhone Developer";
				COPY_PHASE_STRIP = NO;
				DEBUG_INFORMATION_FORMAT = "dwarf-with-dsym";
				ENABLE_NS_ASSERTIONS = NO;
				ENABLE_STRICT_OBJC_MSGSEND = YES;
				GCC_C_LANGUAGE_STANDARD = gnu11;
				GCC_NO_COMMON_BLOCKS = YES;
				GCC_WARN_64_TO_32_BIT_CONVERSION = YES;
				GCC_WARN_ABOUT_RETURN_TYPE = YES_ERROR;
				GCC_WARN_UNDECLARED_SELECTOR = YES;
				GCC_WARN_UNINITIALIZED_AUTOS = YES_AGGRESSIVE;
				GCC_WARN_UNUSED_FUNCTION = YES;
				GCC_WARN_UNUSED_VARIABLE = YES;
				IPHONEOS_DEPLOYMENT_TARGET = 11.4;
				MTL_ENABLE_DEBUG_INFO = NO;
				SDKROOT = iphoneos;
				SWIFT_COMPILATION_MODE = wholemodule;
				SWIFT_OPTIMIZATION_LEVEL = "-O";
				VALIDATE_PRODUCT = YES;
			};
			name = Release;
		};
		6B7ACFCD233E904F00245296 /* Debug */ = {
			isa = XCBuildConfiguration;
			buildSettings = {
				ALTERNATE_OWNER = "Rohat Karakuyu";
				"ALTERNATE_OWNER[sdk=*]" = "Rohat Karakuyu";
				ASSETCATALOG_COMPILER_APPICON_NAME = AppIcon;
				CODE_SIGN_STYLE = Automatic;
				INFOPLIST_FILE = WorldTrotter/Info.plist;
				INSTALL_OWNER = "Rohat Karakuyu";
				IPHONEOS_DEPLOYMENT_TARGET = 10.0;
				LD_RUNPATH_SEARCH_PATHS = (
					"$(inherited)",
					"@executable_path/Frameworks",
				);
				PRODUCT_BUNDLE_IDENTIFIER = rohat.karakuyu.WorldTrotter;
				PRODUCT_NAME = "$(TARGET_NAME)";
				SWIFT_VERSION = 4.0;
				TARGETED_DEVICE_FAMILY = "1,2";
			};
			name = Debug;
		};
		6B7ACFCE233E904F00245296 /* Release */ = {
			isa = XCBuildConfiguration;
			buildSettings = {
				ALTERNATE_OWNER = "Rohat Karakuyu";
				ASSETCATALOG_COMPILER_APPICON_NAME = AppIcon;
				CODE_SIGN_STYLE = Automatic;
				INFOPLIST_FILE = WorldTrotter/Info.plist;
				INSTALL_OWNER = "Rohat Karakuyu";
				IPHONEOS_DEPLOYMENT_TARGET = 10.0;
				LD_RUNPATH_SEARCH_PATHS = (
					"$(inherited)",
					"@executable_path/Frameworks",
				);
				PRODUCT_BUNDLE_IDENTIFIER = rohat.karakuyu.WorldTrotter;
				PRODUCT_NAME = "$(TARGET_NAME)";
				SWIFT_VERSION = 4.0;
				TARGETED_DEVICE_FAMILY = "1,2";
			};
			name = Release;
		};
		6B7ACFD0233E904F00245296 /* Debug */ = {
			isa = XCBuildConfiguration;
			buildSettings = {
				ALWAYS_EMBED_SWIFT_STANDARD_LIBRARIES = YES;
				BUNDLE_LOADER = "$(TEST_HOST)";
				CODE_SIGN_STYLE = Automatic;
				INFOPLIST_FILE = WorldTrotterTests/Info.plist;
				LD_RUNPATH_SEARCH_PATHS = (
					"$(inherited)",
					"@executable_path/Frameworks",
					"@loader_path/Frameworks",
				);
				PRODUCT_BUNDLE_IDENTIFIER = firat.karakuyu.WorldTrotterTests;
				PRODUCT_NAME = "$(TARGET_NAME)";
				SWIFT_VERSION = 4.0;
				TARGETED_DEVICE_FAMILY = "1,2";
				TEST_HOST = "$(BUILT_PRODUCTS_DIR)/WorldTrotter.app/WorldTrotter";
			};
			name = Debug;
		};
		6B7ACFD1233E904F00245296 /* Release */ = {
			isa = XCBuildConfiguration;
			buildSettings = {
				ALWAYS_EMBED_SWIFT_STANDARD_LIBRARIES = YES;
				BUNDLE_LOADER = "$(TEST_HOST)";
				CODE_SIGN_STYLE = Automatic;
				INFOPLIST_FILE = WorldTrotterTests/Info.plist;
				LD_RUNPATH_SEARCH_PATHS = (
					"$(inherited)",
					"@executable_path/Frameworks",
					"@loader_path/Frameworks",
				);
				PRODUCT_BUNDLE_IDENTIFIER = firat.karakuyu.WorldTrotterTests;
				PRODUCT_NAME = "$(TARGET_NAME)";
				SWIFT_VERSION = 4.0;
				TARGETED_DEVICE_FAMILY = "1,2";
				TEST_HOST = "$(BUILT_PRODUCTS_DIR)/WorldTrotter.app/WorldTrotter";
			};
			name = Release;
		};
		6B7ACFD3233E904F00245296 /* Debug */ = {
			isa = XCBuildConfiguration;
			buildSettings = {
				ALWAYS_EMBED_SWIFT_STANDARD_LIBRARIES = YES;
				CODE_SIGN_STYLE = Automatic;
				INFOPLIST_FILE = WorldTrotterUITests/Info.plist;
				LD_RUNPATH_SEARCH_PATHS = (
					"$(inherited)",
					"@executable_path/Frameworks",
					"@loader_path/Frameworks",
				);
				PRODUCT_BUNDLE_IDENTIFIER = firat.karakuyu.WorldTrotterUITests;
				PRODUCT_NAME = "$(TARGET_NAME)";
				SWIFT_VERSION = 4.0;
				TARGETED_DEVICE_FAMILY = "1,2";
				TEST_TARGET_NAME = WorldTrotter;
			};
			name = Debug;
		};
		6B7ACFD4233E904F00245296 /* Release */ = {
			isa = XCBuildConfiguration;
			buildSettings = {
				ALWAYS_EMBED_SWIFT_STANDARD_LIBRARIES = YES;
				CODE_SIGN_STYLE = Automatic;
				INFOPLIST_FILE = WorldTrotterUITests/Info.plist;
				LD_RUNPATH_SEARCH_PATHS = (
					"$(inherited)",
					"@executable_path/Frameworks",
					"@loader_path/Frameworks",
				);
				PRODUCT_BUNDLE_IDENTIFIER = firat.karakuyu.WorldTrotterUITests;
				PRODUCT_NAME = "$(TARGET_NAME)";
				SWIFT_VERSION = 4.0;
				TARGETED_DEVICE_FAMILY = "1,2";
				TEST_TARGET_NAME = WorldTrotter;
			};
			name = Release;
		};
/* End XCBuildConfiguration section */

/* Begin XCConfigurationList section */
		6B7ACF9F233E904E00245296 /* Build configuration list for PBXProject "WorldTrotter" */ = {
			isa = XCConfigurationList;
			buildConfigurations = (
				6B7ACFCA233E904F00245296 /* Debug */,
				6B7ACFCB233E904F00245296 /* Release */,
			);
			defaultConfigurationIsVisible = 0;
			defaultConfigurationName = Release;
		};
		6B7ACFCC233E904F00245296 /* Build configuration list for PBXNativeTarget "WorldTrotter" */ = {
			isa = XCConfigurationList;
			buildConfigurations = (
				6B7ACFCD233E904F00245296 /* Debug */,
				6B7ACFCE233E904F00245296 /* Release */,
			);
			defaultConfigurationIsVisible = 0;
			defaultConfigurationName = Release;
		};
		6B7ACFCF233E904F00245296 /* Build configuration list for PBXNativeTarget "WorldTrotterTests" */ = {
			isa = XCConfigurationList;
			buildConfigurations = (
				6B7ACFD0233E904F00245296 /* Debug */,
				6B7ACFD1233E904F00245296 /* Release */,
			);
			defaultConfigurationIsVisible = 0;
			defaultConfigurationName = Release;
		};
		6B7ACFD2233E904F00245296 /* Build configuration list for PBXNativeTarget "WorldTrotterUITests" */ = {
			isa = XCConfigurationList;
			buildConfigurations = (
				6B7ACFD3233E904F00245296 /* Debug */,
				6B7ACFD4233E904F00245296 /* Release */,
			);
			defaultConfigurationIsVisible = 0;
			defaultConfigurationName = Release;
		};
/* End XCConfigurationList section */
	};
	rootObject = 6B7ACF9C233E904E00245296 /* Project object */;
}
